
Microsoft Visual Studio Solution File, Format Version 12.00
# Visual Studio Version 16
VisualStudioVersion = 16.0.29009.5
MinimumVisualStudioVersion = 10.0.40219.1
Project("{2150E333-8FDC-42A3-9474-1A3956D46DE8}") = "Solution Items", "Solution Items", "{1FEA3E3F-600E-4D01-91E4-69A22643F368}"
	ProjectSection(SolutionItems) = preProject
		cfg.json = cfg.json
		Create PDF (1) - Copy.json = Create PDF (1) - Copy.json
		Create PDF (1).json = Create PDF (1).json
		Full (1) - Copy.json = Full (1) - Copy.json
		Full (1).json = Full (1).json
		New.json = New.json
		Passport, Complete, Normal, No.txt = Passport, Complete, Normal, No.txt
		Recipe (2).json = Recipe (2).json
	EndProjectSection
EndProject
Project("{FAE04EC0-301F-11D3-BF4B-00C04F79EFBC}") = "CreatePdfLibrary", "CreatePdfLibrary\CreatePdfLibrary.csproj", "{033CF2A6-4D01-4BBC-A030-1747C62F735A}"
EndProject
Project("{FAE04EC0-301F-11D3-BF4B-00C04F79EFBC}") = "RecipeCard", "RecipeCard\RecipeCard.csproj", "{DB6CC9D8-269B-4FFA-945E-5F884F4DCD79}"
EndProject
Project("{FAE04EC0-301F-11D3-BF4B-00C04F79EFBC}") = "RecipeCardLibrary", "RecipeCardLibrary\RecipeCardLibrary.csproj", "{8F198ABA-26FE-41F2-8588-56EB83845D95}"
EndProject
Project("{FAE04EC0-301F-11D3-BF4B-00C04F79EFBC}") = "PSDTOPDF", "PSDTOPDF\PSDTOPDF.csproj", "{860BAEFD-6DB6-4202-A38F-C9D65239F344}"
EndProject
Global
	GlobalSection(SolutionConfigurationPlatforms) = preSolution
		Debug|Any CPU = Debug|Any CPU
		Release|Any CPU = Release|Any CPU
	EndGlobalSection
	GlobalSection(ProjectConfigurationPlatforms) = postSolution
		{033CF2A6-4D01-4BBC-A030-1747C62F735A}.Debug|Any CPU.ActiveCfg = Debug|Any CPU
		{033CF2A6-4D01-4BBC-A030-1747C62F735A}.Debug|Any CPU.Build.0 = Debug|Any CPU
		{033CF2A6-4D01-4BBC-A030-1747C62F735A}.Release|Any CPU.ActiveCfg = Release|Any CPU
		{033CF2A6-4D01-4BBC-A030-1747C62F735A}.Release|Any CPU.Build.0 = Release|Any CPU
		{DB6CC9D8-269B-4FFA-945E-5F884F4DCD79}.Debug|Any CPU.ActiveCfg = Debug|Any CPU
		{DB6CC9D8-269B-4FFA-945E-5F884F4DCD79}.Debug|Any CPU.Build.0 = Debug|Any CPU
		{DB6CC9D8-269B-4FFA-945E-5F884F4DCD79}.Release|Any CPU.ActiveCfg = Release|Any CPU
		{DB6CC9D8-269B-4FFA-945E-5F884F4DCD79}.Release|Any CPU.Build.0 = Release|Any CPU
		{8F198ABA-26FE-41F2-8588-56EB83845D95}.Debug|Any CPU.ActiveCfg = Debug|Any CPU
		{8F198ABA-26FE-41F2-8588-56EB83845D95}.Debug|Any CPU.Build.0 = Debug|Any CPU
		{8F198ABA-26FE-41F2-8588-56EB83845D95}.Release|Any CPU.ActiveCfg = Release|Any CPU
		{8F198ABA-26FE-41F2-8588-56EB83845D95}.Release|Any CPU.Build.0 = Release|Any CPU
		{860BAEFD-6DB6-4202-A38F-C9D65239F344}.Debug|Any CPU.ActiveCfg = Debug|Any CPU
		{860BAEFD-6DB6-4202-A38F-C9D65239F344}.Debug|Any CPU.Build.0 = Debug|Any CPU
		{860BAEFD-6DB6-4202-A38F-C9D65239F344}.Release|Any CPU.ActiveCfg = Release|Any CPU
		{860BAEFD-6DB6-4202-A38F-C9D65239F344}.Release|Any CPU.Build.0 = Release|Any CPU
	EndGlobalSection
	GlobalSection(SolutionProperties) = preSolution
		HideSolutionNode = FALSE
	EndGlobalSection
	GlobalSection(NestedProjects) = preSolution
		{033CF2A6-4D01-4BBC-A030-1747C62F735A} = {1FEA3E3F-600E-4D01-91E4-69A22643F368}
		{DB6CC9D8-269B-4FFA-945E-5F884F4DCD79} = {1FEA3E3F-600E-4D01-91E4-69A22643F368}
		{8F198ABA-26FE-41F2-8588-56EB83845D95} = {1FEA3E3F-600E-4D01-91E4-69A22643F368}
		{860BAEFD-6DB6-4202-A38F-C9D65239F344} = {1FEA3E3F-600E-4D01-91E4-69A22643F368}
	EndGlobalSection
	GlobalSection(ExtensibilityGlobals) = postSolution
		SolutionGuid = {49D6A799-BD1F-4280-B224-7F5C1543A43E}
	EndGlobalSection
EndGlobal
